
Microsoft Visual Studio Solution File, Format Version 12.00
# Visual Studio 15
VisualStudioVersion = 15.0.27130.2027
MinimumVisualStudioVersion = 10.0.40219.1
Project("{FAE04EC0-301F-11D3-BF4B-00C04F79EFBC}") = "Yaocalli.GymSystem.WPF", "Yaocalli.GymSystem.WPF\Yaocalli.GymSystem.WPF.csproj", "{DDB2DD5F-8A14-4F38-A2BB-B5DFB5FE15F4}"
EndProject
Project("{2150E333-8FDC-42A3-9474-1A3956D46DE8}") = "Test", "Test", "{2EDCFFAC-35E0-4736-97BD-4583A4CA4C7B}"
EndProject
Project("{FAE04EC0-301F-11D3-BF4B-00C04F79EFBC}") = "Yaocalli.GymSystem.WPF.Test", "Yaocalli.GymSystem.WPF.Test\Yaocalli.GymSystem.WPF.Test.csproj", "{92F7DF12-2444-4109-BE5B-94681510E39B}"
EndProject
Project("{FAE04EC0-301F-11D3-BF4B-00C04F79EFBC}") = "Yaocalli.GymSystem.DataAccess", "Yaocalli.GymSystem.DataAccess\Yaocalli.GymSystem.DataAccess.csproj", "{AB47A31A-4A09-4431-B7C5-A4740C3BC6F9}"
EndProject
Global
	GlobalSection(SolutionConfigurationPlatforms) = preSolution
		Debug|Any CPU = Debug|Any CPU
		Release|Any CPU = Release|Any CPU
	EndGlobalSection
	GlobalSection(ProjectConfigurationPlatforms) = postSolution
		{DDB2DD5F-8A14-4F38-A2BB-B5DFB5FE15F4}.Debug|Any CPU.ActiveCfg = Debug|Any CPU
		{DDB2DD5F-8A14-4F38-A2BB-B5DFB5FE15F4}.Debug|Any CPU.Build.0 = Debug|Any CPU
		{DDB2DD5F-8A14-4F38-A2BB-B5DFB5FE15F4}.Release|Any CPU.ActiveCfg = Release|Any CPU
		{DDB2DD5F-8A14-4F38-A2BB-B5DFB5FE15F4}.Release|Any CPU.Build.0 = Release|Any CPU
		{92F7DF12-2444-4109-BE5B-94681510E39B}.Debug|Any CPU.ActiveCfg = Debug|Any CPU
		{92F7DF12-2444-4109-BE5B-94681510E39B}.Debug|Any CPU.Build.0 = Debug|Any CPU
		{92F7DF12-2444-4109-BE5B-94681510E39B}.Release|Any CPU.ActiveCfg = Release|Any CPU
		{92F7DF12-2444-4109-BE5B-94681510E39B}.Release|Any CPU.Build.0 = Release|Any CPU
		{AB47A31A-4A09-4431-B7C5-A4740C3BC6F9}.Debug|Any CPU.ActiveCfg = Debug|Any CPU
		{AB47A31A-4A09-4431-B7C5-A4740C3BC6F9}.Debug|Any CPU.Build.0 = Debug|Any CPU
		{AB47A31A-4A09-4431-B7C5-A4740C3BC6F9}.Release|Any CPU.ActiveCfg = Release|Any CPU
		{AB47A31A-4A09-4431-B7C5-A4740C3BC6F9}.Release|Any CPU.Build.0 = Release|Any CPU
	EndGlobalSection
	GlobalSection(SolutionProperties) = preSolution
		HideSolutionNode = FALSE
	EndGlobalSection
	GlobalSection(NestedProjects) = preSolution
		{92F7DF12-2444-4109-BE5B-94681510E39B} = {2EDCFFAC-35E0-4736-97BD-4583A4CA4C7B}
	EndGlobalSection
	GlobalSection(ExtensibilityGlobals) = postSolution
		SolutionGuid = {4F4C7E5D-0E7C-4212-9855-D30D4E69B7CB}
	EndGlobalSection
EndGlobal
